
Microsoft Visual Studio Solution File, Format Version 12.00
# Visual Studio Version 17
VisualStudioVersion = 17.14.36414.22
MinimumVisualStudioVersion = 10.0.40219.1
Project("{FAE04EC0-301F-11D3-BF4B-00C04F79EFBC}") = "ZooPaws", "ZooPaws.csproj", "{28236BB0-0128-454E-A736-34BD155762B7}"
EndProject
Project("{FAE04EC0-301F-11D3-BF4B-00C04F79EFBC}") = "DataAccess", "..\DataAccess\DataAccess.csproj", "{3F6E0884-C328-4323-952F-325238D85089}"
EndProject
Project("{FAE04EC0-301F-11D3-BF4B-00C04F79EFBC}") = "Domain", "..\Domain\Domain.csproj", "{06F9247E-C7DF-4DDF-BA03-61D3717E2FB7}"
EndProject
Project("{FAE04EC0-301F-11D3-BF4B-00C04F79EFBC}") = "BusinessLogic", "..\BusinessLogic\BusinessLogic.csproj", "{8003307D-03C2-4226-88C0-A4F1DB8577E8}"
EndProject
Global
	GlobalSection(SolutionConfigurationPlatforms) = preSolution
		Debug|Any CPU = Debug|Any CPU
		Release|Any CPU = Release|Any CPU
	EndGlobalSection
	GlobalSection(ProjectConfigurationPlatforms) = postSolution
		{28236BB0-0128-454E-A736-34BD155762B7}.Debug|Any CPU.ActiveCfg = Debug|Any CPU
		{28236BB0-0128-454E-A736-34BD155762B7}.Debug|Any CPU.Build.0 = Debug|Any CPU
		{28236BB0-0128-454E-A736-34BD155762B7}.Release|Any CPU.ActiveCfg = Release|Any CPU
		{28236BB0-0128-454E-A736-34BD155762B7}.Release|Any CPU.Build.0 = Release|Any CPU
		{3F6E0884-C328-4323-952F-325238D85089}.Debug|Any CPU.ActiveCfg = Debug|Any CPU
		{3F6E0884-C328-4323-952F-325238D85089}.Debug|Any CPU.Build.0 = Debug|Any CPU
		{3F6E0884-C328-4323-952F-325238D85089}.Release|Any CPU.ActiveCfg = Release|Any CPU
		{3F6E0884-C328-4323-952F-325238D85089}.Release|Any CPU.Build.0 = Release|Any CPU
		{06F9247E-C7DF-4DDF-BA03-61D3717E2FB7}.Debug|Any CPU.ActiveCfg = Debug|Any CPU
		{06F9247E-C7DF-4DDF-BA03-61D3717E2FB7}.Debug|Any CPU.Build.0 = Debug|Any CPU
		{06F9247E-C7DF-4DDF-BA03-61D3717E2FB7}.Release|Any CPU.ActiveCfg = Release|Any CPU
		{06F9247E-C7DF-4DDF-BA03-61D3717E2FB7}.Release|Any CPU.Build.0 = Release|Any CPU
		{8003307D-03C2-4226-88C0-A4F1DB8577E8}.Debug|Any CPU.ActiveCfg = Debug|Any CPU
		{8003307D-03C2-4226-88C0-A4F1DB8577E8}.Debug|Any CPU.Build.0 = Debug|Any CPU
		{8003307D-03C2-4226-88C0-A4F1DB8577E8}.Release|Any CPU.ActiveCfg = Release|Any CPU
		{8003307D-03C2-4226-88C0-A4F1DB8577E8}.Release|Any CPU.Build.0 = Release|Any CPU
	EndGlobalSection
	GlobalSection(SolutionProperties) = preSolution
		HideSolutionNode = FALSE
	EndGlobalSection
	GlobalSection(ExtensibilityGlobals) = postSolution
		SolutionGuid = {3FB6ECFC-69B9-497F-A3EE-1552C6C4E9B1}
	EndGlobalSection
EndGlobal
